
Microsoft Visual Studio Solution File, Format Version 12.00
# Visual Studio Version 17
VisualStudioVersion = 17.10.35122.118
MinimumVisualStudioVersion = 10.0.40219.1
Project("{FAE04EC0-301F-11D3-BF4B-00C04F79EFBC}") = "DataVault", "DataVault.csproj", "{9E12CC07-1C5F-4865-AF63-C841FD1CA0F9}"
EndProject
Global
	GlobalSection(SolutionConfigurationPlatforms) = preSolution
		Debug|Any CPU = Debug|Any CPU
		Release|Any CPU = Release|Any CPU
	EndGlobalSection
	GlobalSection(ProjectConfigurationPlatforms) = postSolution
		{9E12CC07-1C5F-4865-AF63-C841FD1CA0F9}.Debug|Any CPU.ActiveCfg = Debug|Any CPU
		{9E12CC07-1C5F-4865-AF63-C841FD1CA0F9}.Debug|Any CPU.Build.0 = Debug|Any CPU
		{9E12CC07-1C5F-4865-AF63-C841FD1CA0F9}.Release|Any CPU.ActiveCfg = Release|Any CPU
		{9E12CC07-1C5F-4865-AF63-C841FD1CA0F9}.Release|Any CPU.Build.0 = Release|Any CPU
	EndGlobalSection
	GlobalSection(SolutionProperties) = preSolution
		HideSolutionNode = FALSE
	EndGlobalSection
	GlobalSection(ExtensibilityGlobals) = postSolution
		SolutionGuid = {CB51B44F-9CBF-49F4-B84C-CC5AF07617B5}
	EndGlobalSection
EndGlobal
